
Microsoft Visual Studio Solution File, Format Version 12.00
# Visual Studio Version 17
VisualStudioVersion = 17.3.32929.385
MinimumVisualStudioVersion = 10.0.40219.1
Project("{FAE04EC0-301F-11D3-BF4B-00C04F79EFBC}") = "APIDDD.Domain", "APIDDD.Domain\APIDDD.Domain.csproj", "{A7D3904C-780C-491D-8E51-0A35EE012E0D}"
EndProject
Project("{FAE04EC0-301F-11D3-BF4B-00C04F79EFBC}") = "APIDDD.infra.data", "APIDDD.infra.data\APIDDD.infra.data.csproj", "{F5F12735-4B38-47D3-B3D4-0C34F500361C}"
EndProject
Project("{FAE04EC0-301F-11D3-BF4B-00C04F79EFBC}") = "APIDDD.Application", "APIDDD.Application\APIDDD.Application.csproj", "{14221F6F-C7F9-4671-9AE8-EBD54C23C7C7}"
EndProject
Project("{FAE04EC0-301F-11D3-BF4B-00C04F79EFBC}") = "APIDDD.Infra.IOC", "APIDDD.Infra.IOC\APIDDD.Infra.IOC.csproj", "{6B66EB53-2EAE-48E2-9268-98831456737D}"
EndProject
Project("{FAE04EC0-301F-11D3-BF4B-00C04F79EFBC}") = "APIDDD.API", "APIDDD.API\APIDDD.API.csproj", "{67C024C6-DBF1-4814-A7F6-EF20D139986E}"
EndProject
Global
	GlobalSection(SolutionConfigurationPlatforms) = preSolution
		Debug|Any CPU = Debug|Any CPU
		Release|Any CPU = Release|Any CPU
	EndGlobalSection
	GlobalSection(ProjectConfigurationPlatforms) = postSolution
		{A7D3904C-780C-491D-8E51-0A35EE012E0D}.Debug|Any CPU.ActiveCfg = Debug|Any CPU
		{A7D3904C-780C-491D-8E51-0A35EE012E0D}.Debug|Any CPU.Build.0 = Debug|Any CPU
		{A7D3904C-780C-491D-8E51-0A35EE012E0D}.Release|Any CPU.ActiveCfg = Release|Any CPU
		{A7D3904C-780C-491D-8E51-0A35EE012E0D}.Release|Any CPU.Build.0 = Release|Any CPU
		{F5F12735-4B38-47D3-B3D4-0C34F500361C}.Debug|Any CPU.ActiveCfg = Debug|Any CPU
		{F5F12735-4B38-47D3-B3D4-0C34F500361C}.Debug|Any CPU.Build.0 = Debug|Any CPU
		{F5F12735-4B38-47D3-B3D4-0C34F500361C}.Release|Any CPU.ActiveCfg = Release|Any CPU
		{F5F12735-4B38-47D3-B3D4-0C34F500361C}.Release|Any CPU.Build.0 = Release|Any CPU
		{14221F6F-C7F9-4671-9AE8-EBD54C23C7C7}.Debug|Any CPU.ActiveCfg = Debug|Any CPU
		{14221F6F-C7F9-4671-9AE8-EBD54C23C7C7}.Debug|Any CPU.Build.0 = Debug|Any CPU
		{14221F6F-C7F9-4671-9AE8-EBD54C23C7C7}.Release|Any CPU.ActiveCfg = Release|Any CPU
		{14221F6F-C7F9-4671-9AE8-EBD54C23C7C7}.Release|Any CPU.Build.0 = Release|Any CPU
		{6B66EB53-2EAE-48E2-9268-98831456737D}.Debug|Any CPU.ActiveCfg = Debug|Any CPU
		{6B66EB53-2EAE-48E2-9268-98831456737D}.Debug|Any CPU.Build.0 = Debug|Any CPU
		{6B66EB53-2EAE-48E2-9268-98831456737D}.Release|Any CPU.ActiveCfg = Release|Any CPU
		{6B66EB53-2EAE-48E2-9268-98831456737D}.Release|Any CPU.Build.0 = Release|Any CPU
		{67C024C6-DBF1-4814-A7F6-EF20D139986E}.Debug|Any CPU.ActiveCfg = Debug|Any CPU
		{67C024C6-DBF1-4814-A7F6-EF20D139986E}.Debug|Any CPU.Build.0 = Debug|Any CPU
		{67C024C6-DBF1-4814-A7F6-EF20D139986E}.Release|Any CPU.ActiveCfg = Release|Any CPU
		{67C024C6-DBF1-4814-A7F6-EF20D139986E}.Release|Any CPU.Build.0 = Release|Any CPU
	EndGlobalSection
	GlobalSection(SolutionProperties) = preSolution
		HideSolutionNode = FALSE
	EndGlobalSection
	GlobalSection(ExtensibilityGlobals) = postSolution
		SolutionGuid = {933A63F6-5D5C-4FFD-823D-9646EE6771B0}
	EndGlobalSection
EndGlobal
